
Microsoft Visual Studio Solution File, Format Version 12.00
# Visual Studio 15
VisualStudioVersion = 15.0.27703.2000
MinimumVisualStudioVersion = 10.0.40219.1
Project("{9A19103F-16F7-4668-BE54-9A1E7A4F7556}") = "LuisDelValle.WinningSolution.WebApp", "LuisDelValle.WinningSolution.WebApi\LuisDelValle.WinningSolution.WebApp.csproj", "{6C059634-1B3A-4F12-A578-1618F493A488}"
EndProject
Project("{2150E333-8FDC-42A3-9474-1A3956D46DE8}") = "Tests", "Tests", "{6326CF2D-162B-4C82-ADD9-2CD724CC8EE0}"
EndProject
Project("{FAE04EC0-301F-11D3-BF4B-00C04F79EFBC}") = "LuisDelValle.WinningSolution.TestProject", "LuisDelValle.WinningSolution.TestProject\LuisDelValle.WinningSolution.TestProject.csproj", "{D9450DF3-054F-43D5-B003-6CA503DB4FF1}"
EndProject
Global
	GlobalSection(SolutionConfigurationPlatforms) = preSolution
		Debug|Any CPU = Debug|Any CPU
		Release|Any CPU = Release|Any CPU
	EndGlobalSection
	GlobalSection(ProjectConfigurationPlatforms) = postSolution
		{6C059634-1B3A-4F12-A578-1618F493A488}.Debug|Any CPU.ActiveCfg = Debug|Any CPU
		{6C059634-1B3A-4F12-A578-1618F493A488}.Debug|Any CPU.Build.0 = Debug|Any CPU
		{6C059634-1B3A-4F12-A578-1618F493A488}.Release|Any CPU.ActiveCfg = Release|Any CPU
		{6C059634-1B3A-4F12-A578-1618F493A488}.Release|Any CPU.Build.0 = Release|Any CPU
		{D9450DF3-054F-43D5-B003-6CA503DB4FF1}.Debug|Any CPU.ActiveCfg = Debug|Any CPU
		{D9450DF3-054F-43D5-B003-6CA503DB4FF1}.Debug|Any CPU.Build.0 = Debug|Any CPU
		{D9450DF3-054F-43D5-B003-6CA503DB4FF1}.Release|Any CPU.ActiveCfg = Release|Any CPU
		{D9450DF3-054F-43D5-B003-6CA503DB4FF1}.Release|Any CPU.Build.0 = Release|Any CPU
	EndGlobalSection
	GlobalSection(SolutionProperties) = preSolution
		HideSolutionNode = FALSE
	EndGlobalSection
	GlobalSection(NestedProjects) = preSolution
		{D9450DF3-054F-43D5-B003-6CA503DB4FF1} = {6326CF2D-162B-4C82-ADD9-2CD724CC8EE0}
	EndGlobalSection
	GlobalSection(ExtensibilityGlobals) = postSolution
		SolutionGuid = {B93D622B-5402-47C8-B75E-53191198BFAE}
	EndGlobalSection
EndGlobal
